
Microsoft Visual Studio Solution File, Format Version 12.00
# Visual Studio Version 16
VisualStudioVersion = 16.0.29709.97
MinimumVisualStudioVersion = 10.0.40219.1
Project("{FAE04EC0-301F-11D3-BF4B-00C04F79EFBC}") = "SIS.Demo", "SIS.Demo\SIS.Demo.csproj", "{575A0D63-A727-4E51-84B2-E3AD31D43739}"
EndProject
Project("{FAE04EC0-301F-11D3-BF4B-00C04F79EFBC}") = "SIS.HTTP", "SIS.HTTP\SIS.HTTP.csproj", "{A31ED8F1-DA73-4904-9E42-5DBBA70EF146}"
EndProject
Project("{FAE04EC0-301F-11D3-BF4B-00C04F79EFBC}") = "SIS.WebServer", "SIS.WebServer\SIS.WebServer.csproj", "{1B816097-0F09-4901-B707-6EEA233D0EF1}"
EndProject
Global
	GlobalSection(SolutionConfigurationPlatforms) = preSolution
		Debug|Any CPU = Debug|Any CPU
		Release|Any CPU = Release|Any CPU
	EndGlobalSection
	GlobalSection(ProjectConfigurationPlatforms) = postSolution
		{575A0D63-A727-4E51-84B2-E3AD31D43739}.Debug|Any CPU.ActiveCfg = Debug|Any CPU
		{575A0D63-A727-4E51-84B2-E3AD31D43739}.Debug|Any CPU.Build.0 = Debug|Any CPU
		{575A0D63-A727-4E51-84B2-E3AD31D43739}.Release|Any CPU.ActiveCfg = Release|Any CPU
		{575A0D63-A727-4E51-84B2-E3AD31D43739}.Release|Any CPU.Build.0 = Release|Any CPU
		{A31ED8F1-DA73-4904-9E42-5DBBA70EF146}.Debug|Any CPU.ActiveCfg = Debug|Any CPU
		{A31ED8F1-DA73-4904-9E42-5DBBA70EF146}.Debug|Any CPU.Build.0 = Debug|Any CPU
		{A31ED8F1-DA73-4904-9E42-5DBBA70EF146}.Release|Any CPU.ActiveCfg = Release|Any CPU
		{A31ED8F1-DA73-4904-9E42-5DBBA70EF146}.Release|Any CPU.Build.0 = Release|Any CPU
		{1B816097-0F09-4901-B707-6EEA233D0EF1}.Debug|Any CPU.ActiveCfg = Debug|Any CPU
		{1B816097-0F09-4901-B707-6EEA233D0EF1}.Debug|Any CPU.Build.0 = Debug|Any CPU
		{1B816097-0F09-4901-B707-6EEA233D0EF1}.Release|Any CPU.ActiveCfg = Release|Any CPU
		{1B816097-0F09-4901-B707-6EEA233D0EF1}.Release|Any CPU.Build.0 = Release|Any CPU
	EndGlobalSection
	GlobalSection(SolutionProperties) = preSolution
		HideSolutionNode = FALSE
	EndGlobalSection
	GlobalSection(ExtensibilityGlobals) = postSolution
		SolutionGuid = {3D653C2C-0809-46F7-B266-8E6570349C12}
	EndGlobalSection
EndGlobal
