
Microsoft Visual Studio Solution File, Format Version 12.00
# Visual Studio Version 16
VisualStudioVersion = 16.0.29709.97
MinimumVisualStudioVersion = 10.0.40219.1
Project("{FAE04EC0-301F-11D3-BF4B-00C04F79EFBC}") = "HttpRequester", "HttpRequester\HttpRequester.csproj", "{E819D0BE-55D0-4543-8487-4BA651AB48FA}"
EndProject
Global
	GlobalSection(SolutionConfigurationPlatforms) = preSolution
		Debug|Any CPU = Debug|Any CPU
		Release|Any CPU = Release|Any CPU
	EndGlobalSection
	GlobalSection(ProjectConfigurationPlatforms) = postSolution
		{E819D0BE-55D0-4543-8487-4BA651AB48FA}.Debug|Any CPU.ActiveCfg = Debug|Any CPU
		{E819D0BE-55D0-4543-8487-4BA651AB48FA}.Debug|Any CPU.Build.0 = Debug|Any CPU
		{E819D0BE-55D0-4543-8487-4BA651AB48FA}.Release|Any CPU.ActiveCfg = Release|Any CPU
		{E819D0BE-55D0-4543-8487-4BA651AB48FA}.Release|Any CPU.Build.0 = Release|Any CPU
	EndGlobalSection
	GlobalSection(SolutionProperties) = preSolution
		HideSolutionNode = FALSE
	EndGlobalSection
	GlobalSection(ExtensibilityGlobals) = postSolution
		SolutionGuid = {497A9E90-7D3E-4DF7-9743-938F4A7F19DF}
	EndGlobalSection
EndGlobal
