
Microsoft Visual Studio Solution File, Format Version 12.00
# Visual Studio Version 16
VisualStudioVersion = 16.0.29709.97
MinimumVisualStudioVersion = 10.0.40219.1
Project("{9A19103F-16F7-4668-BE54-9A1E7A4F7556}") = "SIS.WebServer", "..\..\Web server - asynchronous processing\SIS-Asynchronous\SIS.WebServer\SIS.WebServer.csproj", "{74FD428D-4F40-494C-B483-26D6A4DC92A6}"
EndProject
Project("{9A19103F-16F7-4668-BE54-9A1E7A4F7556}") = "SIS.Demo", "..\..\Web server - asynchronous processing\SIS-Asynchronous\SIS.Demo\SIS.Demo.csproj", "{8A1409B2-7E23-43BE-A527-5006FED97A70}"
EndProject
Project("{9A19103F-16F7-4668-BE54-9A1E7A4F7556}") = "SIS.HTTP", "..\..\Web server - asynchronous processing\SIS-Asynchronous\SIS.HTTP\SIS.HTTP.csproj", "{A6B246B5-3999-4DA4-9239-E3895A49BBBD}"
EndProject
Global
	GlobalSection(SolutionConfigurationPlatforms) = preSolution
		Debug|Any CPU = Debug|Any CPU
		Release|Any CPU = Release|Any CPU
	EndGlobalSection
	GlobalSection(ProjectConfigurationPlatforms) = postSolution
		{74FD428D-4F40-494C-B483-26D6A4DC92A6}.Debug|Any CPU.ActiveCfg = Debug|Any CPU
		{74FD428D-4F40-494C-B483-26D6A4DC92A6}.Debug|Any CPU.Build.0 = Debug|Any CPU
		{74FD428D-4F40-494C-B483-26D6A4DC92A6}.Release|Any CPU.ActiveCfg = Release|Any CPU
		{74FD428D-4F40-494C-B483-26D6A4DC92A6}.Release|Any CPU.Build.0 = Release|Any CPU
		{8A1409B2-7E23-43BE-A527-5006FED97A70}.Debug|Any CPU.ActiveCfg = Debug|Any CPU
		{8A1409B2-7E23-43BE-A527-5006FED97A70}.Debug|Any CPU.Build.0 = Debug|Any CPU
		{8A1409B2-7E23-43BE-A527-5006FED97A70}.Release|Any CPU.ActiveCfg = Release|Any CPU
		{8A1409B2-7E23-43BE-A527-5006FED97A70}.Release|Any CPU.Build.0 = Release|Any CPU
		{A6B246B5-3999-4DA4-9239-E3895A49BBBD}.Debug|Any CPU.ActiveCfg = Debug|Any CPU
		{A6B246B5-3999-4DA4-9239-E3895A49BBBD}.Debug|Any CPU.Build.0 = Debug|Any CPU
		{A6B246B5-3999-4DA4-9239-E3895A49BBBD}.Release|Any CPU.ActiveCfg = Release|Any CPU
		{A6B246B5-3999-4DA4-9239-E3895A49BBBD}.Release|Any CPU.Build.0 = Release|Any CPU
	EndGlobalSection
	GlobalSection(SolutionProperties) = preSolution
		HideSolutionNode = FALSE
	EndGlobalSection
	GlobalSection(ExtensibilityGlobals) = postSolution
		SolutionGuid = {1D4C3E58-0B88-4383-98E1-B3059EFA256F}
	EndGlobalSection
EndGlobal
